{
  "originHash" : "d07c3e2d919fdf70233890c1d8484e8bd766f9b04984fbecf723a5ca744d4dd5",
  "pins" : [
    {
      "identity" : "swiftformat",
      "kind" : "remoteSourceControl",
      "location" : "https://github.com/nicklockwood/SwiftFormat",
      "state" : {
        "revision" : "ab6844edb79a7b88dc6320e6cee0a0db7674dac3",
        "version" : "0.54.5"
      }
    }
  ],
  "version" : 3
}
