// !$*UTF8*$!
{
	archiveVersion = 1;
	classes = {
	};
	objectVersion = 54;
	objects = {

/* Begin PBXBuildFile section */
		09ACA86E7D21F75667DFE0DD /* MenuItem.swift in Sources */ = {isa = PBXBuildFile; fileRef = E51B5F284ED8D04D444E045A /* MenuItem.swift */; };
		25E8CB41017E048190FCD053 /* Menu+Dummy.swift in Sources */ = {isa = PBXBuildFile; fileRef = A8947C2D6FD62F24954413BF /* Menu+Dummy.swift */; };
		9CC30446EF46FE0263FC1016 /* Collection+Safe.swift in Sources */ = {isa = PBXBuildFile; fileRef = 6AB92569F1F7C921D2EEAF36 /* Collection+Safe.swift */; };
		9D334FC1DB465C7F0B3BB3F7 /* MenuSection.swift in Sources */ = {isa = PBXBuildFile; fileRef = ED56EEE9C2A95C8D940BE49B /* MenuSection.swift */; };
		A432A71EDCF4DC54058A564E /* MenuGroupingTests.swift in Sources */ = {isa = PBXBuildFile; fileRef = 9E8BD1E021C1238B66D6697D /* MenuGroupingTests.swift */; };
		AAD605E22BB4D10BF3F39DA8 /* AlbertosApp.swift in Sources */ = {isa = PBXBuildFile; fileRef = E231812A9BEA82FE13B6DDE3 /* AlbertosApp.swift */; };
		C5EE5943ADB1EA4D1CE728EE /* MenuGrouping.swift in Sources */ = {isa = PBXBuildFile; fileRef = F89281C54BD39EEAB6CD33A7 /* MenuGrouping.swift */; };
		F28A0F3222BF3EAF2CDA01FE /* MenuList.swift in Sources */ = {isa = PBXBuildFile; fileRef = 38E678AF65BE5E3636E405C7 /* MenuList.swift */; };
/* End PBXBuildFile section */

/* Begin PBXContainerItemProxy section */
		059BD3039F2CCB1DD9C2B900 /* PBXContainerItemProxy */ = {
			isa = PBXContainerItemProxy;
			containerPortal = E8B17C8ABC8471E4224D1C39 /* Project object */;
			proxyType = 1;
			remoteGlobalIDString = B5F9F9D2250AEB2D2EE0494B;
			remoteInfo = Albertos;
		};
/* End PBXContainerItemProxy section */

/* Begin PBXFileReference section */
		38E678AF65BE5E3636E405C7 /* MenuList.swift */ = {isa = PBXFileReference; lastKnownFileType = sourcecode.swift; path = MenuList.swift; sourceTree = "<group>"; };
		6AB92569F1F7C921D2EEAF36 /* Collection+Safe.swift */ = {isa = PBXFileReference; lastKnownFileType = sourcecode.swift; path = "Collection+Safe.swift"; sourceTree = "<group>"; };
		823EEDCB67B487000A05DB62 /* Albertos.app */ = {isa = PBXFileReference; includeInIndex = 0; lastKnownFileType = wrapper.application; path = Albertos.app; sourceTree = BUILT_PRODUCTS_DIR; };
		9E8BD1E021C1238B66D6697D /* MenuGroupingTests.swift */ = {isa = PBXFileReference; lastKnownFileType = sourcecode.swift; path = MenuGroupingTests.swift; sourceTree = "<group>"; };
		A8947C2D6FD62F24954413BF /* Menu+Dummy.swift */ = {isa = PBXFileReference; lastKnownFileType = sourcecode.swift; path = "Menu+Dummy.swift"; sourceTree = "<group>"; };
		BDF4B76EC90E0DB5458F8146 /* AlbertosTests.xctest */ = {isa = PBXFileReference; includeInIndex = 0; lastKnownFileType = wrapper.cfbundle; path = AlbertosTests.xctest; sourceTree = BUILT_PRODUCTS_DIR; };
		E231812A9BEA82FE13B6DDE3 /* AlbertosApp.swift */ = {isa = PBXFileReference; lastKnownFileType = sourcecode.swift; path = AlbertosApp.swift; sourceTree = "<group>"; };
		E51B5F284ED8D04D444E045A /* MenuItem.swift */ = {isa = PBXFileReference; lastKnownFileType = sourcecode.swift; path = MenuItem.swift; sourceTree = "<group>"; };
		E5C5903BDB22A99A4B3DC3C8 /* Info.plist */ = {isa = PBXFileReference; lastKnownFileType = text.plist; path = Info.plist; sourceTree = "<group>"; };
		ED56EEE9C2A95C8D940BE49B /* MenuSection.swift */ = {isa = PBXFileReference; lastKnownFileType = sourcecode.swift; path = MenuSection.swift; sourceTree = "<group>"; };
		F89281C54BD39EEAB6CD33A7 /* MenuGrouping.swift */ = {isa = PBXFileReference; lastKnownFileType = sourcecode.swift; path = MenuGrouping.swift; sourceTree = "<group>"; };
/* End PBXFileReference section */

/* Begin PBXGroup section */
		6587589555E08BBEB63089E1 /* Sources */ = {
			isa = PBXGroup;
			children = (
				6AB92569F1F7C921D2EEAF36 /* Collection+Safe.swift */,
			);
			name = Sources;
			path = ../../Packages/CollectionSafe/Sources;
			sourceTree = "<group>";
		};
		8B609BB40A5421BBA31F3D3B /* AlbertosTests */ = {
			isa = PBXGroup;
			children = (
				9E8BD1E021C1238B66D6697D /* MenuGroupingTests.swift */,
			);
			path = AlbertosTests;
			sourceTree = "<group>";
		};
		8D972551E420DEE0F670E89F /* Albertos */ = {
			isa = PBXGroup;
			children = (
				E231812A9BEA82FE13B6DDE3 /* AlbertosApp.swift */,
				E5C5903BDB22A99A4B3DC3C8 /* Info.plist */,
				A8947C2D6FD62F24954413BF /* Menu+Dummy.swift */,
				F89281C54BD39EEAB6CD33A7 /* MenuGrouping.swift */,
				E51B5F284ED8D04D444E045A /* MenuItem.swift */,
				38E678AF65BE5E3636E405C7 /* MenuList.swift */,
				ED56EEE9C2A95C8D940BE49B /* MenuSection.swift */,
			);
			path = Albertos;
			sourceTree = "<group>";
		};
		92B90574F9FA63884D9D7BBF = {
			isa = PBXGroup;
			children = (
				8D972551E420DEE0F670E89F /* Albertos */,
				8B609BB40A5421BBA31F3D3B /* AlbertosTests */,
				6587589555E08BBEB63089E1 /* Sources */,
				A0D81A2A2581F3DF42D52538 /* Products */,
			);
			sourceTree = "<group>";
		};
		A0D81A2A2581F3DF42D52538 /* Products */ = {
			isa = PBXGroup;
			children = (
				823EEDCB67B487000A05DB62 /* Albertos.app */,
				BDF4B76EC90E0DB5458F8146 /* AlbertosTests.xctest */,
			);
			name = Products;
			sourceTree = "<group>";
		};
/* End PBXGroup section */

/* Begin PBXNativeTarget section */
		33D869CEA8CD44DF60039E52 /* AlbertosTests */ = {
			isa = PBXNativeTarget;
			buildConfigurationList = F6A1BAA7BD8B12026072190E /* Build configuration list for PBXNativeTarget "AlbertosTests" */;
			buildPhases = (
				C099BFE9ACD985A8EDF284EA /* Sources */,
			);
			buildRules = (
			);
			dependencies = (
				C21F4B58454F5DE5FB4E056C /* PBXTargetDependency */,
			);
			name = AlbertosTests;
			productName = AlbertosTests;
			productReference = BDF4B76EC90E0DB5458F8146 /* AlbertosTests.xctest */;
			productType = "com.apple.product-type.bundle.unit-test";
		};
		B5F9F9D2250AEB2D2EE0494B /* Albertos */ = {
			isa = PBXNativeTarget;
			buildConfigurationList = 15021ED4CD768AB692CDEF6F /* Build configuration list for PBXNativeTarget "Albertos" */;
			buildPhases = (
				2B3D01A98BE73618C91FF57C /* Sources */,
			);
			buildRules = (
			);
			dependencies = (
			);
			name = Albertos;
			productName = Albertos;
			productReference = 823EEDCB67B487000A05DB62 /* Albertos.app */;
			productType = "com.apple.product-type.application";
		};
/* End PBXNativeTarget section */

/* Begin PBXProject section */
		E8B17C8ABC8471E4224D1C39 /* Project object */ = {
			isa = PBXProject;
			attributes = {
				BuildIndependentTargetsInParallel = YES;
				LastUpgradeCheck = 1430;
				TargetAttributes = {
				};
			};
			buildConfigurationList = 04A0F0432ABD7A4B9292FF90 /* Build configuration list for PBXProject "Albertos" */;
			compatibilityVersion = "Xcode 14.0";
			developmentRegion = en;
			hasScannedForEncodings = 0;
			knownRegions = (
				Base,
				en,
			);
			mainGroup = 92B90574F9FA63884D9D7BBF;
			projectDirPath = "";
			projectRoot = "";
			targets = (
				B5F9F9D2250AEB2D2EE0494B /* Albertos */,
				33D869CEA8CD44DF60039E52 /* AlbertosTests */,
			);
		};
/* End PBXProject section */

/* Begin PBXSourcesBuildPhase section */
		2B3D01A98BE73618C91FF57C /* Sources */ = {
			isa = PBXSourcesBuildPhase;
			buildActionMask = 2147483647;
			files = (
				AAD605E22BB4D10BF3F39DA8 /* AlbertosApp.swift in Sources */,
				25E8CB41017E048190FCD053 /* Menu+Dummy.swift in Sources */,
				C5EE5943ADB1EA4D1CE728EE /* MenuGrouping.swift in Sources */,
				09ACA86E7D21F75667DFE0DD /* MenuItem.swift in Sources */,
				F28A0F3222BF3EAF2CDA01FE /* MenuList.swift in Sources */,
				9D334FC1DB465C7F0B3BB3F7 /* MenuSection.swift in Sources */,
			);
			runOnlyForDeploymentPostprocessing = 0;
		};
		C099BFE9ACD985A8EDF284EA /* Sources */ = {
			isa = PBXSourcesBuildPhase;
			buildActionMask = 2147483647;
			files = (
				9CC30446EF46FE0263FC1016 /* Collection+Safe.swift in Sources */,
				A432A71EDCF4DC54058A564E /* MenuGroupingTests.swift in Sources */,
			);
			runOnlyForDeploymentPostprocessing = 0;
		};
/* End PBXSourcesBuildPhase section */

/* Begin PBXTargetDependency section */
		C21F4B58454F5DE5FB4E056C /* PBXTargetDependency */ = {
			isa = PBXTargetDependency;
			target = B5F9F9D2250AEB2D2EE0494B /* Albertos */;
			targetProxy = 059BD3039F2CCB1DD9C2B900 /* PBXContainerItemProxy */;
		};
/* End PBXTargetDependency section */

/* Begin XCBuildConfiguration section */
		068E7B265A85A0D164E026DA /* Release */ = {
			isa = XCBuildConfiguration;
			buildSettings = {
				BUNDLE_LOADER = "$(TEST_HOST)";
				CODE_SIGNING_ALLOWED = NO;
				LD_RUNPATH_SEARCH_PATHS = (
					"$(inherited)",
					"@executable_path/Frameworks",
					"@loader_path/Frameworks",
				);
				PRODUCT_BUNDLE_IDENTIFIER = com.mokacoding.Albertos.AlbertosTests;
				SDKROOT = iphoneos;
				TARGETED_DEVICE_FAMILY = "1,2";
				TEST_HOST = "$(BUILT_PRODUCTS_DIR)/Albertos.app/Albertos";
			};
			name = Release;
		};
		1D797AB11DACDB9E4B218C54 /* Debug */ = {
			isa = XCBuildConfiguration;
			buildSettings = {
				BUNDLE_LOADER = "$(TEST_HOST)";
				CODE_SIGNING_ALLOWED = NO;
				LD_RUNPATH_SEARCH_PATHS = (
					"$(inherited)",
					"@executable_path/Frameworks",
					"@loader_path/Frameworks",
				);
				PRODUCT_BUNDLE_IDENTIFIER = com.mokacoding.Albertos.AlbertosTests;
				SDKROOT = iphoneos;
				TARGETED_DEVICE_FAMILY = "1,2";
				TEST_HOST = "$(BUILT_PRODUCTS_DIR)/Albertos.app/Albertos";
			};
			name = Debug;
		};
		60C5F61655CE71EFE9017DDE /* Release */ = {
			isa = XCBuildConfiguration;
			buildSettings = {
				ALWAYS_SEARCH_USER_PATHS = NO;
				CLANG_ANALYZER_NONNULL = YES;
				CLANG_ANALYZER_NUMBER_OBJECT_CONVERSION = YES_AGGRESSIVE;
				CLANG_CXX_LANGUAGE_STANDARD = "gnu++14";
				CLANG_CXX_LIBRARY = "libc++";
				CLANG_ENABLE_MODULES = YES;
				CLANG_ENABLE_OBJC_ARC = YES;
				CLANG_ENABLE_OBJC_WEAK = YES;
				CLANG_WARN_BLOCK_CAPTURE_AUTORELEASING = YES;
				CLANG_WARN_BOOL_CONVERSION = YES;
				CLANG_WARN_COMMA = YES;
				CLANG_WARN_CONSTANT_CONVERSION = YES;
				CLANG_WARN_DEPRECATED_OBJC_IMPLEMENTATIONS = YES;
				CLANG_WARN_DIRECT_OBJC_ISA_USAGE = YES_ERROR;
				CLANG_WARN_DOCUMENTATION_COMMENTS = YES;
				CLANG_WARN_EMPTY_BODY = YES;
				CLANG_WARN_ENUM_CONVERSION = YES;
				CLANG_WARN_INFINITE_RECURSION = YES;
				CLANG_WARN_INT_CONVERSION = YES;
				CLANG_WARN_NON_LITERAL_NULL_CONVERSION = YES;
				CLANG_WARN_OBJC_IMPLICIT_RETAIN_SELF = YES;
				CLANG_WARN_OBJC_LITERAL_CONVERSION = YES;
				CLANG_WARN_OBJC_ROOT_CLASS = YES_ERROR;
				CLANG_WARN_QUOTED_INCLUDE_IN_FRAMEWORK_HEADER = YES;
				CLANG_WARN_RANGE_LOOP_ANALYSIS = YES;
				CLANG_WARN_STRICT_PROTOTYPES = YES;
				CLANG_WARN_SUSPICIOUS_MOVE = YES;
				CLANG_WARN_UNGUARDED_AVAILABILITY = YES_AGGRESSIVE;
				CLANG_WARN_UNREACHABLE_CODE = YES;
				CLANG_WARN__DUPLICATE_METHOD_MATCH = YES;
				COPY_PHASE_STRIP = NO;
				DEBUG_INFORMATION_FORMAT = "dwarf-with-dsym";
				ENABLE_NS_ASSERTIONS = NO;
				ENABLE_STRICT_OBJC_MSGSEND = YES;
				GCC_C_LANGUAGE_STANDARD = gnu11;
				GCC_NO_COMMON_BLOCKS = YES;
				GCC_WARN_64_TO_32_BIT_CONVERSION = YES;
				GCC_WARN_ABOUT_RETURN_TYPE = YES_ERROR;
				GCC_WARN_UNDECLARED_SELECTOR = YES;
				GCC_WARN_UNINITIALIZED_AUTOS = YES_AGGRESSIVE;
				GCC_WARN_UNUSED_FUNCTION = YES;
				GCC_WARN_UNUSED_VARIABLE = YES;
				MTL_ENABLE_DEBUG_INFO = NO;
				MTL_FAST_MATH = YES;
				PRODUCT_NAME = "$(TARGET_NAME)";
				SDKROOT = iphoneos;
				SWIFT_COMPILATION_MODE = wholemodule;
				SWIFT_OPTIMIZATION_LEVEL = "-O";
				SWIFT_VERSION = 5.0;
			};
			name = Release;
		};
		924F1451F334BAAEFDFDAD7C /* Release */ = {
			isa = XCBuildConfiguration;
			buildSettings = {
				ASSETCATALOG_COMPILER_APPICON_NAME = AppIcon;
				CODE_SIGN_IDENTITY = "iPhone Developer";
				INFOPLIST_FILE = Albertos/Info.plist;
				LD_RUNPATH_SEARCH_PATHS = (
					"$(inherited)",
					"@executable_path/Frameworks",
				);
				PRODUCT_BUNDLE_IDENTIFIER = com.mokacoding.Albertos.Albertos;
				SDKROOT = iphoneos;
				TARGETED_DEVICE_FAMILY = "1,2";
			};
			name = Release;
		};
		D6F337C2184F1D0A465FC2BA /* Debug */ = {
			isa = XCBuildConfiguration;
			buildSettings = {
				ALWAYS_SEARCH_USER_PATHS = NO;
				CLANG_ANALYZER_NONNULL = YES;
				CLANG_ANALYZER_NUMBER_OBJECT_CONVERSION = YES_AGGRESSIVE;
				CLANG_CXX_LANGUAGE_STANDARD = "gnu++14";
				CLANG_CXX_LIBRARY = "libc++";
				CLANG_ENABLE_MODULES = YES;
				CLANG_ENABLE_OBJC_ARC = YES;
				CLANG_ENABLE_OBJC_WEAK = YES;
				CLANG_WARN_BLOCK_CAPTURE_AUTORELEASING = YES;
				CLANG_WARN_BOOL_CONVERSION = YES;
				CLANG_WARN_COMMA = YES;
				CLANG_WARN_CONSTANT_CONVERSION = YES;
				CLANG_WARN_DEPRECATED_OBJC_IMPLEMENTATIONS = YES;
				CLANG_WARN_DIRECT_OBJC_ISA_USAGE = YES_ERROR;
				CLANG_WARN_DOCUMENTATION_COMMENTS = YES;
				CLANG_WARN_EMPTY_BODY = YES;
				CLANG_WARN_ENUM_CONVERSION = YES;
				CLANG_WARN_INFINITE_RECURSION = YES;
				CLANG_WARN_INT_CONVERSION = YES;
				CLANG_WARN_NON_LITERAL_NULL_CONVERSION = YES;
				CLANG_WARN_OBJC_IMPLICIT_RETAIN_SELF = YES;
				CLANG_WARN_OBJC_LITERAL_CONVERSION = YES;
				CLANG_WARN_OBJC_ROOT_CLASS = YES_ERROR;
				CLANG_WARN_QUOTED_INCLUDE_IN_FRAMEWORK_HEADER = YES;
				CLANG_WARN_RANGE_LOOP_ANALYSIS = YES;
				CLANG_WARN_STRICT_PROTOTYPES = YES;
				CLANG_WARN_SUSPICIOUS_MOVE = YES;
				CLANG_WARN_UNGUARDED_AVAILABILITY = YES_AGGRESSIVE;
				CLANG_WARN_UNREACHABLE_CODE = YES;
				CLANG_WARN__DUPLICATE_METHOD_MATCH = YES;
				COPY_PHASE_STRIP = NO;
				DEBUG_INFORMATION_FORMAT = dwarf;
				ENABLE_STRICT_OBJC_MSGSEND = YES;
				ENABLE_TESTABILITY = YES;
				GCC_C_LANGUAGE_STANDARD = gnu11;
				GCC_DYNAMIC_NO_PIC = NO;
				GCC_NO_COMMON_BLOCKS = YES;
				GCC_OPTIMIZATION_LEVEL = 0;
				GCC_PREPROCESSOR_DEFINITIONS = (
					"$(inherited)",
					"DEBUG=1",
				);
				GCC_WARN_64_TO_32_BIT_CONVERSION = YES;
				GCC_WARN_ABOUT_RETURN_TYPE = YES_ERROR;
				GCC_WARN_UNDECLARED_SELECTOR = YES;
				GCC_WARN_UNINITIALIZED_AUTOS = YES_AGGRESSIVE;
				GCC_WARN_UNUSED_FUNCTION = YES;
				GCC_WARN_UNUSED_VARIABLE = YES;
				MTL_ENABLE_DEBUG_INFO = INCLUDE_SOURCE;
				MTL_FAST_MATH = YES;
				ONLY_ACTIVE_ARCH = YES;
				PRODUCT_NAME = "$(TARGET_NAME)";
				SDKROOT = iphoneos;
				SWIFT_ACTIVE_COMPILATION_CONDITIONS = DEBUG;
				SWIFT_OPTIMIZATION_LEVEL = "-Onone";
				SWIFT_VERSION = 5.0;
			};
			name = Debug;
		};
		EC39A2F770A854AABF6204BC /* Debug */ = {
			isa = XCBuildConfiguration;
			buildSettings = {
				ASSETCATALOG_COMPILER_APPICON_NAME = AppIcon;
				CODE_SIGN_IDENTITY = "iPhone Developer";
				INFOPLIST_FILE = Albertos/Info.plist;
				LD_RUNPATH_SEARCH_PATHS = (
					"$(inherited)",
					"@executable_path/Frameworks",
				);
				PRODUCT_BUNDLE_IDENTIFIER = com.mokacoding.Albertos.Albertos;
				SDKROOT = iphoneos;
				TARGETED_DEVICE_FAMILY = "1,2";
			};
			name = Debug;
		};
/* End XCBuildConfiguration section */

/* Begin XCConfigurationList section */
		04A0F0432ABD7A4B9292FF90 /* Build configuration list for PBXProject "Albertos" */ = {
			isa = XCConfigurationList;
			buildConfigurations = (
				D6F337C2184F1D0A465FC2BA /* Debug */,
				60C5F61655CE71EFE9017DDE /* Release */,
			);
			defaultConfigurationIsVisible = 0;
			defaultConfigurationName = Debug;
		};
		15021ED4CD768AB692CDEF6F /* Build configuration list for PBXNativeTarget "Albertos" */ = {
			isa = XCConfigurationList;
			buildConfigurations = (
				EC39A2F770A854AABF6204BC /* Debug */,
				924F1451F334BAAEFDFDAD7C /* Release */,
			);
			defaultConfigurationIsVisible = 0;
			defaultConfigurationName = Debug;
		};
		F6A1BAA7BD8B12026072190E /* Build configuration list for PBXNativeTarget "AlbertosTests" */ = {
			isa = XCConfigurationList;
			buildConfigurations = (
				1D797AB11DACDB9E4B218C54 /* Debug */,
				068E7B265A85A0D164E026DA /* Release */,
			);
			defaultConfigurationIsVisible = 0;
			defaultConfigurationName = Debug;
		};
/* End XCConfigurationList section */
	};
	rootObject = E8B17C8ABC8471E4224D1C39 /* Project object */;
}
